
Microsoft Visual Studio Solution File, Format Version 12.00
Project("{FAE04EC0-301F-11D3-BF4B-00C04F79EFBC}") = "WeatherForecastRestAPI", "WeatherForecastRestAPI\WeatherForecastRestAPI.csproj", "{763179C9-467C-43E9-8940-5BECFF67BECB}"
EndProject
Project("{FAE04EC0-301F-11D3-BF4B-00C04F79EFBC}") = "WeatherForecastRestAPITests", "WeatherForecastRestAPITests\WeatherForecastRestAPITests.csproj", "{9778BCC6-370E-4C2E-96A1-B5FD9A92BAB4}"
EndProject
Global
	GlobalSection(SolutionConfigurationPlatforms) = preSolution
		Debug|Any CPU = Debug|Any CPU
		Release|Any CPU = Release|Any CPU
	EndGlobalSection
	GlobalSection(ProjectConfigurationPlatforms) = postSolution
		{763179C9-467C-43E9-8940-5BECFF67BECB}.Debug|Any CPU.ActiveCfg = Debug|Any CPU
		{763179C9-467C-43E9-8940-5BECFF67BECB}.Debug|Any CPU.Build.0 = Debug|Any CPU
		{763179C9-467C-43E9-8940-5BECFF67BECB}.Release|Any CPU.ActiveCfg = Release|Any CPU
		{763179C9-467C-43E9-8940-5BECFF67BECB}.Release|Any CPU.Build.0 = Release|Any CPU
		{9778BCC6-370E-4C2E-96A1-B5FD9A92BAB4}.Debug|Any CPU.ActiveCfg = Debug|Any CPU
		{9778BCC6-370E-4C2E-96A1-B5FD9A92BAB4}.Debug|Any CPU.Build.0 = Debug|Any CPU
		{9778BCC6-370E-4C2E-96A1-B5FD9A92BAB4}.Release|Any CPU.ActiveCfg = Release|Any CPU
		{9778BCC6-370E-4C2E-96A1-B5FD9A92BAB4}.Release|Any CPU.Build.0 = Release|Any CPU
	EndGlobalSection
EndGlobal
